// !$*UTF8*$!
{
	archiveVersion = 1;
	classes = {
	};
	objectVersion = 51;
	objects = {

/* Begin PBXBuildFile section */
		1DE3EF4A22671FC500DEDFEA /* Pests.swift in Sources */ = {isa = PBXBuildFile; fileRef = 1DE3EF4922671FC500DEDFEA /* Pests.swift */; };
		1DE3EF4B22671FC500DEDFEA /* Pests.swift in Sources */ = {isa = PBXBuildFile; fileRef = 1DE3EF4922671FC500DEDFEA /* Pests.swift */; };
		1DE3EF4C22671FC500DEDFEA /* Pests.swift in Sources */ = {isa = PBXBuildFile; fileRef = 1DE3EF4922671FC500DEDFEA /* Pests.swift */; };
		1DE3EF4E2267206400DEDFEA /* Friendlies.swift in Sources */ = {isa = PBXBuildFile; fileRef = 1DE3EF4D2267206400DEDFEA /* Friendlies.swift */; };
		1DE3EF4F2267206400DEDFEA /* Friendlies.swift in Sources */ = {isa = PBXBuildFile; fileRef = 1DE3EF4D2267206400DEDFEA /* Friendlies.swift */; };
		1DE3EF502267206400DEDFEA /* Friendlies.swift in Sources */ = {isa = PBXBuildFile; fileRef = 1DE3EF4D2267206400DEDFEA /* Friendlies.swift */; };
		1DE3EF52226720C500DEDFEA /* Diseases.swift in Sources */ = {isa = PBXBuildFile; fileRef = 1DE3EF51226720C500DEDFEA /* Diseases.swift */; };
		1DE3EF53226720C500DEDFEA /* Diseases.swift in Sources */ = {isa = PBXBuildFile; fileRef = 1DE3EF51226720C500DEDFEA /* Diseases.swift */; };
		1DE3EF54226720C500DEDFEA /* Diseases.swift in Sources */ = {isa = PBXBuildFile; fileRef = 1DE3EF51226720C500DEDFEA /* Diseases.swift */; };
		1DE3EF562267225F00DEDFEA /* Direction.swift in Sources */ = {isa = PBXBuildFile; fileRef = 1DE3EF552267225F00DEDFEA /* Direction.swift */; };
		1DE3EF572267225F00DEDFEA /* Direction.swift in Sources */ = {isa = PBXBuildFile; fileRef = 1DE3EF552267225F00DEDFEA /* Direction.swift */; };
		1DE3EF582267225F00DEDFEA /* Direction.swift in Sources */ = {isa = PBXBuildFile; fileRef = 1DE3EF552267225F00DEDFEA /* Direction.swift */; };
		292DC969226707D20094D134 /* PlantBed.swift in Sources */ = {isa = PBXBuildFile; fileRef = 292DC968226707D20094D134 /* PlantBed.swift */; };
		292DC96A226707D20094D134 /* PlantBed.swift in Sources */ = {isa = PBXBuildFile; fileRef = 292DC968226707D20094D134 /* PlantBed.swift */; };
		292DC96B226707D20094D134 /* PlantBed.swift in Sources */ = {isa = PBXBuildFile; fileRef = 292DC968226707D20094D134 /* PlantBed.swift */; };
		292DC96D226709930094D134 /* Plants.swift in Sources */ = {isa = PBXBuildFile; fileRef = 292DC96C226709930094D134 /* Plants.swift */; };
		292DC96E226709930094D134 /* Plants.swift in Sources */ = {isa = PBXBuildFile; fileRef = 292DC96C226709930094D134 /* Plants.swift */; };
		292DC96F226709930094D134 /* Plants.swift in Sources */ = {isa = PBXBuildFile; fileRef = 292DC96C226709930094D134 /* Plants.swift */; };
		292DC97522670A200094D134 /* Sunglight.swift in Sources */ = {isa = PBXBuildFile; fileRef = 292DC97422670A200094D134 /* Sunglight.swift */; };
		292DC97622670A200094D134 /* Sunglight.swift in Sources */ = {isa = PBXBuildFile; fileRef = 292DC97422670A200094D134 /* Sunglight.swift */; };
		292DC97722670A200094D134 /* Sunglight.swift in Sources */ = {isa = PBXBuildFile; fileRef = 292DC97422670A200094D134 /* Sunglight.swift */; };
		292DC97922670F2E0094D134 /* Home.swift in Sources */ = {isa = PBXBuildFile; fileRef = 292DC97822670F2E0094D134 /* Home.swift */; };
		292DC97A22670F2E0094D134 /* Home.swift in Sources */ = {isa = PBXBuildFile; fileRef = 292DC97822670F2E0094D134 /* Home.swift */; };
		292DC97B22670F2E0094D134 /* Home.swift in Sources */ = {isa = PBXBuildFile; fileRef = 292DC97822670F2E0094D134 /* Home.swift */; };
		292DC97D2267102D0094D134 /* Owner.swift in Sources */ = {isa = PBXBuildFile; fileRef = 292DC97C2267102D0094D134 /* Owner.swift */; };
		292DC97E2267102D0094D134 /* Owner.swift in Sources */ = {isa = PBXBuildFile; fileRef = 292DC97C2267102D0094D134 /* Owner.swift */; };
		292DC97F2267102D0094D134 /* Owner.swift in Sources */ = {isa = PBXBuildFile; fileRef = 292DC97C2267102D0094D134 /* Owner.swift */; };
		29D2C1E22266FB55009ED48E /* AppDelegate.swift in Sources */ = {isa = PBXBuildFile; fileRef = 29D2C1E12266FB55009ED48E /* AppDelegate.swift */; };
		29D2C1E72266FB55009ED48E /* Main.storyboard in Resources */ = {isa = PBXBuildFile; fileRef = 29D2C1E52266FB55009ED48E /* Main.storyboard */; };
		29D2C1E92266FB57009ED48E /* Assets.xcassets in Resources */ = {isa = PBXBuildFile; fileRef = 29D2C1E82266FB57009ED48E /* Assets.xcassets */; };
		29D2C1EC2266FB57009ED48E /* LaunchScreen.storyboard in Resources */ = {isa = PBXBuildFile; fileRef = 29D2C1EA2266FB57009ED48E /* LaunchScreen.storyboard */; };
		29D2C1F72266FB57009ED48E /* SowTests.swift in Sources */ = {isa = PBXBuildFile; fileRef = 29D2C1F62266FB57009ED48E /* SowTests.swift */; };
		29D2C2022266FB57009ED48E /* SowUITests.swift in Sources */ = {isa = PBXBuildFile; fileRef = 29D2C2012266FB57009ED48E /* SowUITests.swift */; };
		29D2C2162266FD1F009ED48E /* GoogleService-Info.plist in Resources */ = {isa = PBXBuildFile; fileRef = 29D2C2152266FD1F009ED48E /* GoogleService-Info.plist */; };
		29D2C2172266FD1F009ED48E /* GoogleService-Info.plist in Resources */ = {isa = PBXBuildFile; fileRef = 29D2C2152266FD1F009ED48E /* GoogleService-Info.plist */; };
		29D2C2182266FD1F009ED48E /* GoogleService-Info.plist in Resources */ = {isa = PBXBuildFile; fileRef = 29D2C2152266FD1F009ED48E /* GoogleService-Info.plist */; };
		A37EEB894FE281FA0ECD7FBE /* Pods_SowUITests.framework in Frameworks */ = {isa = PBXBuildFile; fileRef = B990C2F84406B11F6FFFEE58 /* Pods_SowUITests.framework */; };
		C49008F4E81FA8EDA63E2BDA /* Pods_SowTests.framework in Frameworks */ = {isa = PBXBuildFile; fileRef = CF676A99BF4DF49686CCA37D /* Pods_SowTests.framework */; };
		D8797E527D86DD0314F75BB4 /* Pods_Sow.framework in Frameworks */ = {isa = PBXBuildFile; fileRef = 31E0751EFCC0AB891D8C8255 /* Pods_Sow.framework */; };
/* End PBXBuildFile section */

/* Begin PBXContainerItemProxy section */
		29D2C1F32266FB57009ED48E /* PBXContainerItemProxy */ = {
			isa = PBXContainerItemProxy;
			containerPortal = 29D2C1D62266FB55009ED48E /* Project object */;
			proxyType = 1;
			remoteGlobalIDString = 29D2C1DD2266FB55009ED48E;
			remoteInfo = Sow;
		};
		29D2C1FE2266FB57009ED48E /* PBXContainerItemProxy */ = {
			isa = PBXContainerItemProxy;
			containerPortal = 29D2C1D62266FB55009ED48E /* Project object */;
			proxyType = 1;
			remoteGlobalIDString = 29D2C1DD2266FB55009ED48E;
			remoteInfo = Sow;
		};
/* End PBXContainerItemProxy section */

/* Begin PBXFileReference section */
		1DE3EF4922671FC500DEDFEA /* Pests.swift */ = {isa = PBXFileReference; lastKnownFileType = sourcecode.swift; path = Pests.swift; sourceTree = "<group>"; };
		1DE3EF4D2267206400DEDFEA /* Friendlies.swift */ = {isa = PBXFileReference; lastKnownFileType = sourcecode.swift; path = Friendlies.swift; sourceTree = "<group>"; };
		1DE3EF51226720C500DEDFEA /* Diseases.swift */ = {isa = PBXFileReference; lastKnownFileType = sourcecode.swift; path = Diseases.swift; sourceTree = "<group>"; };
		1DE3EF552267225F00DEDFEA /* Direction.swift */ = {isa = PBXFileReference; lastKnownFileType = sourcecode.swift; path = Direction.swift; sourceTree = "<group>"; };
		292DC968226707D20094D134 /* PlantBed.swift */ = {isa = PBXFileReference; lastKnownFileType = sourcecode.swift; path = PlantBed.swift; sourceTree = "<group>"; };
		292DC96C226709930094D134 /* Plants.swift */ = {isa = PBXFileReference; lastKnownFileType = sourcecode.swift; path = Plants.swift; sourceTree = "<group>"; };
		292DC97422670A200094D134 /* Sunglight.swift */ = {isa = PBXFileReference; lastKnownFileType = sourcecode.swift; path = Sunglight.swift; sourceTree = "<group>"; };
		292DC97822670F2E0094D134 /* Home.swift */ = {isa = PBXFileReference; lastKnownFileType = sourcecode.swift; path = Home.swift; sourceTree = "<group>"; };
		292DC97C2267102D0094D134 /* Owner.swift */ = {isa = PBXFileReference; lastKnownFileType = sourcecode.swift; path = Owner.swift; sourceTree = "<group>"; };
		29D2C1DE2266FB55009ED48E /* Sow.app */ = {isa = PBXFileReference; explicitFileType = wrapper.application; includeInIndex = 0; path = Sow.app; sourceTree = BUILT_PRODUCTS_DIR; };
		29D2C1E12266FB55009ED48E /* AppDelegate.swift */ = {isa = PBXFileReference; lastKnownFileType = sourcecode.swift; path = AppDelegate.swift; sourceTree = "<group>"; };
		29D2C1E62266FB55009ED48E /* Base */ = {isa = PBXFileReference; lastKnownFileType = file.storyboard; name = Base; path = Base.lproj/Main.storyboard; sourceTree = "<group>"; };
		29D2C1E82266FB57009ED48E /* Assets.xcassets */ = {isa = PBXFileReference; lastKnownFileType = folder.assetcatalog; path = Assets.xcassets; sourceTree = "<group>"; };
		29D2C1EB2266FB57009ED48E /* Base */ = {isa = PBXFileReference; lastKnownFileType = file.storyboard; name = Base; path = Base.lproj/LaunchScreen.storyboard; sourceTree = "<group>"; };
		29D2C1ED2266FB57009ED48E /* Info.plist */ = {isa = PBXFileReference; lastKnownFileType = text.plist.xml; path = Info.plist; sourceTree = "<group>"; };
		29D2C1F22266FB57009ED48E /* SowTests.xctest */ = {isa = PBXFileReference; explicitFileType = wrapper.cfbundle; includeInIndex = 0; path = SowTests.xctest; sourceTree = BUILT_PRODUCTS_DIR; };
		29D2C1F62266FB57009ED48E /* SowTests.swift */ = {isa = PBXFileReference; lastKnownFileType = sourcecode.swift; path = SowTests.swift; sourceTree = "<group>"; };
		29D2C1F82266FB57009ED48E /* Info.plist */ = {isa = PBXFileReference; lastKnownFileType = text.plist.xml; path = Info.plist; sourceTree = "<group>"; };
		29D2C1FD2266FB57009ED48E /* SowUITests.xctest */ = {isa = PBXFileReference; explicitFileType = wrapper.cfbundle; includeInIndex = 0; path = SowUITests.xctest; sourceTree = BUILT_PRODUCTS_DIR; };
		29D2C2012266FB57009ED48E /* SowUITests.swift */ = {isa = PBXFileReference; lastKnownFileType = sourcecode.swift; path = SowUITests.swift; sourceTree = "<group>"; };
		29D2C2032266FB57009ED48E /* Info.plist */ = {isa = PBXFileReference; lastKnownFileType = text.plist.xml; path = Info.plist; sourceTree = "<group>"; };
		29D2C2152266FD1F009ED48E /* GoogleService-Info.plist */ = {isa = PBXFileReference; fileEncoding = 4; lastKnownFileType = text.plist.xml; path = "GoogleService-Info.plist"; sourceTree = "<group>"; };
		2E5248003F8CB07952DB3003 /* Pods-Sow.release.xcconfig */ = {isa = PBXFileReference; includeInIndex = 1; lastKnownFileType = text.xcconfig; name = "Pods-Sow.release.xcconfig"; path = "Target Support Files/Pods-Sow/Pods-Sow.release.xcconfig"; sourceTree = "<group>"; };
		31E0751EFCC0AB891D8C8255 /* Pods_Sow.framework */ = {isa = PBXFileReference; explicitFileType = wrapper.framework; includeInIndex = 0; path = Pods_Sow.framework; sourceTree = BUILT_PRODUCTS_DIR; };
		711730FBFB2AA781B5DCCE64 /* Pods-SowUITests.release.xcconfig */ = {isa = PBXFileReference; includeInIndex = 1; lastKnownFileType = text.xcconfig; name = "Pods-SowUITests.release.xcconfig"; path = "Target Support Files/Pods-SowUITests/Pods-SowUITests.release.xcconfig"; sourceTree = "<group>"; };
		B0F5D8B692A01035F6B875D2 /* Pods-Sow.debug.xcconfig */ = {isa = PBXFileReference; includeInIndex = 1; lastKnownFileType = text.xcconfig; name = "Pods-Sow.debug.xcconfig"; path = "Target Support Files/Pods-Sow/Pods-Sow.debug.xcconfig"; sourceTree = "<group>"; };
		B414298514D88594613150BD /* Pods-SowTests.debug.xcconfig */ = {isa = PBXFileReference; includeInIndex = 1; lastKnownFileType = text.xcconfig; name = "Pods-SowTests.debug.xcconfig"; path = "Target Support Files/Pods-SowTests/Pods-SowTests.debug.xcconfig"; sourceTree = "<group>"; };
		B990C2F84406B11F6FFFEE58 /* Pods_SowUITests.framework */ = {isa = PBXFileReference; explicitFileType = wrapper.framework; includeInIndex = 0; path = Pods_SowUITests.framework; sourceTree = BUILT_PRODUCTS_DIR; };
		C24777193D08D62A904C2FD7 /* Pods-SowTests.release.xcconfig */ = {isa = PBXFileReference; includeInIndex = 1; lastKnownFileType = text.xcconfig; name = "Pods-SowTests.release.xcconfig"; path = "Target Support Files/Pods-SowTests/Pods-SowTests.release.xcconfig"; sourceTree = "<group>"; };
		CF676A99BF4DF49686CCA37D /* Pods_SowTests.framework */ = {isa = PBXFileReference; explicitFileType = wrapper.framework; includeInIndex = 0; path = Pods_SowTests.framework; sourceTree = BUILT_PRODUCTS_DIR; };
		D97D8ABA526D41ADF8ACEA08 /* Pods-SowUITests.debug.xcconfig */ = {isa = PBXFileReference; includeInIndex = 1; lastKnownFileType = text.xcconfig; name = "Pods-SowUITests.debug.xcconfig"; path = "Target Support Files/Pods-SowUITests/Pods-SowUITests.debug.xcconfig"; sourceTree = "<group>"; };
/* End PBXFileReference section */

/* Begin PBXFrameworksBuildPhase section */
		29D2C1DB2266FB55009ED48E /* Frameworks */ = {
			isa = PBXFrameworksBuildPhase;
			buildActionMask = 2147483647;
			files = (
				D8797E527D86DD0314F75BB4 /* Pods_Sow.framework in Frameworks */,
			);
			runOnlyForDeploymentPostprocessing = 0;
		};
		29D2C1EF2266FB57009ED48E /* Frameworks */ = {
			isa = PBXFrameworksBuildPhase;
			buildActionMask = 2147483647;
			files = (
				C49008F4E81FA8EDA63E2BDA /* Pods_SowTests.framework in Frameworks */,
			);
			runOnlyForDeploymentPostprocessing = 0;
		};
		29D2C1FA2266FB57009ED48E /* Frameworks */ = {
			isa = PBXFrameworksBuildPhase;
			buildActionMask = 2147483647;
			files = (
				A37EEB894FE281FA0ECD7FBE /* Pods_SowUITests.framework in Frameworks */,
			);
			runOnlyForDeploymentPostprocessing = 0;
		};
/* End PBXFrameworksBuildPhase section */

/* Begin PBXGroup section */
		29D2C1D52266FB55009ED48E = {
			isa = PBXGroup;
			children = (
				29D2C1E02266FB55009ED48E /* Sow */,
				29D2C1F52266FB57009ED48E /* SowTests */,
				29D2C2002266FB57009ED48E /* SowUITests */,
				29D2C1DF2266FB55009ED48E /* Products */,
				EAC4A27DFE43104532591008 /* Pods */,
				5D4692F54F0D735DD838E722 /* Frameworks */,
			);
			sourceTree = "<group>";
		};
		29D2C1DF2266FB55009ED48E /* Products */ = {
			isa = PBXGroup;
			children = (
				29D2C1DE2266FB55009ED48E /* Sow.app */,
				29D2C1F22266FB57009ED48E /* SowTests.xctest */,
				29D2C1FD2266FB57009ED48E /* SowUITests.xctest */,
			);
			name = Products;
			sourceTree = "<group>";
		};
		29D2C1E02266FB55009ED48E /* Sow */ = {
			isa = PBXGroup;
			children = (
				29D2C2132266FCC4009ED48E /* Model */,
				29D2C2122266FCC1009ED48E /* View */,
				29D2C2112266FCBF009ED48E /* Controller */,
				29D2C2102266FCBD009ED48E /* Extensions */,
				29D2C2142266FCD6009ED48E /* Constants */,
				29D2C20F2266FCBB009ED48E /* SupportingFiles */,
			);
			path = Sow;
			sourceTree = "<group>";
		};
		29D2C1F52266FB57009ED48E /* SowTests */ = {
			isa = PBXGroup;
			children = (
				29D2C1F62266FB57009ED48E /* SowTests.swift */,
				29D2C1F82266FB57009ED48E /* Info.plist */,
			);
			path = SowTests;
			sourceTree = "<group>";
		};
		29D2C2002266FB57009ED48E /* SowUITests */ = {
			isa = PBXGroup;
			children = (
				29D2C2012266FB57009ED48E /* SowUITests.swift */,
				29D2C2032266FB57009ED48E /* Info.plist */,
			);
			path = SowUITests;
			sourceTree = "<group>";
		};
		29D2C20F2266FCBB009ED48E /* SupportingFiles */ = {
			isa = PBXGroup;
			children = (
				29D2C1E12266FB55009ED48E /* AppDelegate.swift */,
				29D2C1E82266FB57009ED48E /* Assets.xcassets */,
				29D2C1EA2266FB57009ED48E /* LaunchScreen.storyboard */,
				29D2C1ED2266FB57009ED48E /* Info.plist */,
				29D2C2152266FD1F009ED48E /* GoogleService-Info.plist */,
			);
			path = SupportingFiles;
			sourceTree = "<group>";
		};
		29D2C2102266FCBD009ED48E /* Extensions */ = {
			isa = PBXGroup;
			children = (
			);
			path = Extensions;
			sourceTree = "<group>";
		};
		29D2C2112266FCBF009ED48E /* Controller */ = {
			isa = PBXGroup;
			children = (
			);
			path = Controller;
			sourceTree = "<group>";
		};
		29D2C2122266FCC1009ED48E /* View */ = {
			isa = PBXGroup;
			children = (
				29D2C1E52266FB55009ED48E /* Main.storyboard */,
			);
			path = View;
			sourceTree = "<group>";
		};
		29D2C2132266FCC4009ED48E /* Model */ = {
			isa = PBXGroup;
			children = (
				292DC968226707D20094D134 /* PlantBed.swift */,
				292DC96C226709930094D134 /* Plants.swift */,
				292DC97422670A200094D134 /* Sunglight.swift */,
				292DC97822670F2E0094D134 /* Home.swift */,
				292DC97C2267102D0094D134 /* Owner.swift */,
				1DE3EF4922671FC500DEDFEA /* Pests.swift */,
				1DE3EF4D2267206400DEDFEA /* Friendlies.swift */,
				1DE3EF51226720C500DEDFEA /* Diseases.swift */,
				1DE3EF552267225F00DEDFEA /* Direction.swift */,
			);
			path = Model;
			sourceTree = "<group>";
		};
		29D2C2142266FCD6009ED48E /* Constants */ = {
			isa = PBXGroup;
			children = (
			);
			path = Constants;
			sourceTree = "<group>";
		};
		5D4692F54F0D735DD838E722 /* Frameworks */ = {
			isa = PBXGroup;
			children = (
				31E0751EFCC0AB891D8C8255 /* Pods_Sow.framework */,
				CF676A99BF4DF49686CCA37D /* Pods_SowTests.framework */,
				B990C2F84406B11F6FFFEE58 /* Pods_SowUITests.framework */,
			);
			name = Frameworks;
			sourceTree = "<group>";
		};
		EAC4A27DFE43104532591008 /* Pods */ = {
			isa = PBXGroup;
			children = (
				B0F5D8B692A01035F6B875D2 /* Pods-Sow.debug.xcconfig */,
				2E5248003F8CB07952DB3003 /* Pods-Sow.release.xcconfig */,
				B414298514D88594613150BD /* Pods-SowTests.debug.xcconfig */,
				C24777193D08D62A904C2FD7 /* Pods-SowTests.release.xcconfig */,
				D97D8ABA526D41ADF8ACEA08 /* Pods-SowUITests.debug.xcconfig */,
				711730FBFB2AA781B5DCCE64 /* Pods-SowUITests.release.xcconfig */,
			);
			path = Pods;
			sourceTree = "<group>";
		};
/* End PBXGroup section */

/* Begin PBXNativeTarget section */
		29D2C1DD2266FB55009ED48E /* Sow */ = {
			isa = PBXNativeTarget;
			buildConfigurationList = 29D2C2062266FB57009ED48E /* Build configuration list for PBXNativeTarget "Sow" */;
			buildPhases = (
				C61D17AABCF75B3DA2DB3A94 /* [CP] Check Pods Manifest.lock */,
				29D2C1DA2266FB55009ED48E /* Sources */,
				29D2C1DB2266FB55009ED48E /* Frameworks */,
				29D2C1DC2266FB55009ED48E /* Resources */,
				3DA52BED59F60C2D9DF35076 /* [CP] Embed Pods Frameworks */,
			);
			buildRules = (
			);
			dependencies = (
			);
			name = Sow;
			productName = Sow;
			productReference = 29D2C1DE2266FB55009ED48E /* Sow.app */;
			productType = "com.apple.product-type.application";
		};
		29D2C1F12266FB57009ED48E /* SowTests */ = {
			isa = PBXNativeTarget;
			buildConfigurationList = 29D2C2092266FB57009ED48E /* Build configuration list for PBXNativeTarget "SowTests" */;
			buildPhases = (
				09FFA366879DE3568DCFD6F0 /* [CP] Check Pods Manifest.lock */,
				29D2C1EE2266FB57009ED48E /* Sources */,
				29D2C1EF2266FB57009ED48E /* Frameworks */,
				29D2C1F02266FB57009ED48E /* Resources */,
			);
			buildRules = (
			);
			dependencies = (
				29D2C1F42266FB57009ED48E /* PBXTargetDependency */,
			);
			name = SowTests;
			productName = SowTests;
			productReference = 29D2C1F22266FB57009ED48E /* SowTests.xctest */;
			productType = "com.apple.product-type.bundle.unit-test";
		};
		29D2C1FC2266FB57009ED48E /* SowUITests */ = {
			isa = PBXNativeTarget;
			buildConfigurationList = 29D2C20C2266FB57009ED48E /* Build configuration list for PBXNativeTarget "SowUITests" */;
			buildPhases = (
				6B79E24BDADE380AFC01AFA6 /* [CP] Check Pods Manifest.lock */,
				29D2C1F92266FB57009ED48E /* Sources */,
				29D2C1FA2266FB57009ED48E /* Frameworks */,
				29D2C1FB2266FB57009ED48E /* Resources */,
			);
			buildRules = (
			);
			dependencies = (
				29D2C1FF2266FB57009ED48E /* PBXTargetDependency */,
			);
			name = SowUITests;
			productName = SowUITests;
			productReference = 29D2C1FD2266FB57009ED48E /* SowUITests.xctest */;
			productType = "com.apple.product-type.bundle.ui-testing";
		};
/* End PBXNativeTarget section */

/* Begin PBXProject section */
		29D2C1D62266FB55009ED48E /* Project object */ = {
			isa = PBXProject;
			attributes = {
				LastSwiftUpdateCheck = 1020;
				LastUpgradeCheck = 1020;
				ORGANIZATIONNAME = "Matthew Howes Singleton";
				TargetAttributes = {
					29D2C1DD2266FB55009ED48E = {
						CreatedOnToolsVersion = 10.2;
					};
					29D2C1F12266FB57009ED48E = {
						CreatedOnToolsVersion = 10.2;
						TestTargetID = 29D2C1DD2266FB55009ED48E;
					};
					29D2C1FC2266FB57009ED48E = {
						CreatedOnToolsVersion = 10.2;
						TestTargetID = 29D2C1DD2266FB55009ED48E;
					};
				};
			};
			buildConfigurationList = 29D2C1D92266FB55009ED48E /* Build configuration list for PBXProject "Sow" */;
			compatibilityVersion = "Xcode 9.3";
			developmentRegion = en;
			hasScannedForEncodings = 0;
			knownRegions = (
				en,
				Base,
			);
			mainGroup = 29D2C1D52266FB55009ED48E;
			productRefGroup = 29D2C1DF2266FB55009ED48E /* Products */;
			projectDirPath = "";
			projectRoot = "";
			targets = (
				29D2C1DD2266FB55009ED48E /* Sow */,
				29D2C1F12266FB57009ED48E /* SowTests */,
				29D2C1FC2266FB57009ED48E /* SowUITests */,
			);
		};
/* End PBXProject section */

/* Begin PBXResourcesBuildPhase section */
		29D2C1DC2266FB55009ED48E /* Resources */ = {
			isa = PBXResourcesBuildPhase;
			buildActionMask = 2147483647;
			files = (
				29D2C1EC2266FB57009ED48E /* LaunchScreen.storyboard in Resources */,
				29D2C2162266FD1F009ED48E /* GoogleService-Info.plist in Resources */,
				29D2C1E92266FB57009ED48E /* Assets.xcassets in Resources */,
				29D2C1E72266FB55009ED48E /* Main.storyboard in Resources */,
			);
			runOnlyForDeploymentPostprocessing = 0;
		};
		29D2C1F02266FB57009ED48E /* Resources */ = {
			isa = PBXResourcesBuildPhase;
			buildActionMask = 2147483647;
			files = (
				29D2C2172266FD1F009ED48E /* GoogleService-Info.plist in Resources */,
			);
			runOnlyForDeploymentPostprocessing = 0;
		};
		29D2C1FB2266FB57009ED48E /* Resources */ = {
			isa = PBXResourcesBuildPhase;
			buildActionMask = 2147483647;
			files = (
				29D2C2182266FD1F009ED48E /* GoogleService-Info.plist in Resources */,
			);
			runOnlyForDeploymentPostprocessing = 0;
		};
/* End PBXResourcesBuildPhase section */

/* Begin PBXShellScriptBuildPhase section */
		09FFA366879DE3568DCFD6F0 /* [CP] Check Pods Manifest.lock */ = {
			isa = PBXShellScriptBuildPhase;
			buildActionMask = 2147483647;
			files = (
			);
			inputFileListPaths = (
			);
			inputPaths = (
				"${PODS_PODFILE_DIR_PATH}/Podfile.lock",
				"${PODS_ROOT}/Manifest.lock",
			);
			name = "[CP] Check Pods Manifest.lock";
			outputFileListPaths = (
			);
			outputPaths = (
				"$(DERIVED_FILE_DIR)/Pods-SowTests-checkManifestLockResult.txt",
			);
			runOnlyForDeploymentPostprocessing = 0;
			shellPath = /bin/sh;
			shellScript = "diff \"${PODS_PODFILE_DIR_PATH}/Podfile.lock\" \"${PODS_ROOT}/Manifest.lock\" > /dev/null\nif [ $? != 0 ] ; then\n    # print error to STDERR\n    echo \"error: The sandbox is not in sync with the Podfile.lock. Run 'pod install' or update your CocoaPods installation.\" >&2\n    exit 1\nfi\n# This output is used by Xcode 'outputs' to avoid re-running this script phase.\necho \"SUCCESS\" > \"${SCRIPT_OUTPUT_FILE_0}\"\n";
			showEnvVarsInLog = 0;
		};
		3DA52BED59F60C2D9DF35076 /* [CP] Embed Pods Frameworks */ = {
			isa = PBXShellScriptBuildPhase;
			buildActionMask = 2147483647;
			files = (
			);
			inputFileListPaths = (
				"${PODS_ROOT}/Target Support Files/Pods-Sow/Pods-Sow-frameworks-${CONFIGURATION}-input-files.xcfilelist",
			);
			name = "[CP] Embed Pods Frameworks";
			outputFileListPaths = (
				"${PODS_ROOT}/Target Support Files/Pods-Sow/Pods-Sow-frameworks-${CONFIGURATION}-output-files.xcfilelist",
			);
			runOnlyForDeploymentPostprocessing = 0;
			shellPath = /bin/sh;
			shellScript = "\"${PODS_ROOT}/Target Support Files/Pods-Sow/Pods-Sow-frameworks.sh\"\n";
			showEnvVarsInLog = 0;
		};
		6B79E24BDADE380AFC01AFA6 /* [CP] Check Pods Manifest.lock */ = {
			isa = PBXShellScriptBuildPhase;
			buildActionMask = 2147483647;
			files = (
			);
			inputFileListPaths = (
			);
			inputPaths = (
				"${PODS_PODFILE_DIR_PATH}/Podfile.lock",
				"${PODS_ROOT}/Manifest.lock",
			);
			name = "[CP] Check Pods Manifest.lock";
			outputFileListPaths = (
			);
			outputPaths = (
				"$(DERIVED_FILE_DIR)/Pods-SowUITests-checkManifestLockResult.txt",
			);
			runOnlyForDeploymentPostprocessing = 0;
			shellPath = /bin/sh;
			shellScript = "diff \"${PODS_PODFILE_DIR_PATH}/Podfile.lock\" \"${PODS_ROOT}/Manifest.lock\" > /dev/null\nif [ $? != 0 ] ; then\n    # print error to STDERR\n    echo \"error: The sandbox is not in sync with the Podfile.lock. Run 'pod install' or update your CocoaPods installation.\" >&2\n    exit 1\nfi\n# This output is used by Xcode 'outputs' to avoid re-running this script phase.\necho \"SUCCESS\" > \"${SCRIPT_OUTPUT_FILE_0}\"\n";
			showEnvVarsInLog = 0;
		};
		C61D17AABCF75B3DA2DB3A94 /* [CP] Check Pods Manifest.lock */ = {
			isa = PBXShellScriptBuildPhase;
			buildActionMask = 2147483647;
			files = (
			);
			inputFileListPaths = (
			);
			inputPaths = (
				"${PODS_PODFILE_DIR_PATH}/Podfile.lock",
				"${PODS_ROOT}/Manifest.lock",
			);
			name = "[CP] Check Pods Manifest.lock";
			outputFileListPaths = (
			);
			outputPaths = (
				"$(DERIVED_FILE_DIR)/Pods-Sow-checkManifestLockResult.txt",
			);
			runOnlyForDeploymentPostprocessing = 0;
			shellPath = /bin/sh;
			shellScript = "diff \"${PODS_PODFILE_DIR_PATH}/Podfile.lock\" \"${PODS_ROOT}/Manifest.lock\" > /dev/null\nif [ $? != 0 ] ; then\n    # print error to STDERR\n    echo \"error: The sandbox is not in sync with the Podfile.lock. Run 'pod install' or update your CocoaPods installation.\" >&2\n    exit 1\nfi\n# This output is used by Xcode 'outputs' to avoid re-running this script phase.\necho \"SUCCESS\" > \"${SCRIPT_OUTPUT_FILE_0}\"\n";
			showEnvVarsInLog = 0;
		};
/* End PBXShellScriptBuildPhase section */

/* Begin PBXSourcesBuildPhase section */
		29D2C1DA2266FB55009ED48E /* Sources */ = {
			isa = PBXSourcesBuildPhase;
			buildActionMask = 2147483647;
			files = (
				1DE3EF52226720C500DEDFEA /* Diseases.swift in Sources */,
				29D2C1E22266FB55009ED48E /* AppDelegate.swift in Sources */,
				292DC97D2267102D0094D134 /* Owner.swift in Sources */,
				1DE3EF562267225F00DEDFEA /* Direction.swift in Sources */,
				292DC969226707D20094D134 /* PlantBed.swift in Sources */,
				292DC97922670F2E0094D134 /* Home.swift in Sources */,
				1DE3EF4E2267206400DEDFEA /* Friendlies.swift in Sources */,
				1DE3EF4A22671FC500DEDFEA /* Pests.swift in Sources */,
				292DC97522670A200094D134 /* Sunglight.swift in Sources */,
				292DC96D226709930094D134 /* Plants.swift in Sources */,
			);
			runOnlyForDeploymentPostprocessing = 0;
		};
		29D2C1EE2266FB57009ED48E /* Sources */ = {
			isa = PBXSourcesBuildPhase;
			buildActionMask = 2147483647;
			files = (
				1DE3EF53226720C500DEDFEA /* Diseases.swift in Sources */,
				29D2C1F72266FB57009ED48E /* SowTests.swift in Sources */,
				292DC97E2267102D0094D134 /* Owner.swift in Sources */,
				1DE3EF572267225F00DEDFEA /* Direction.swift in Sources */,
				292DC96A226707D20094D134 /* PlantBed.swift in Sources */,
				292DC97A22670F2E0094D134 /* Home.swift in Sources */,
				1DE3EF4F2267206400DEDFEA /* Friendlies.swift in Sources */,
				1DE3EF4B22671FC500DEDFEA /* Pests.swift in Sources */,
				292DC97622670A200094D134 /* Sunglight.swift in Sources */,
				292DC96E226709930094D134 /* Plants.swift in Sources */,
			);
			runOnlyForDeploymentPostprocessing = 0;
		};
		29D2C1F92266FB57009ED48E /* Sources */ = {
			isa = PBXSourcesBuildPhase;
			buildActionMask = 2147483647;
			files = (
				1DE3EF54226720C500DEDFEA /* Diseases.swift in Sources */,
				29D2C2022266FB57009ED48E /* SowUITests.swift in Sources */,
				292DC97F2267102D0094D134 /* Owner.swift in Sources */,
				1DE3EF582267225F00DEDFEA /* Direction.swift in Sources */,
				292DC96B226707D20094D134 /* PlantBed.swift in Sources */,
				292DC97B22670F2E0094D134 /* Home.swift in Sources */,
				1DE3EF502267206400DEDFEA /* Friendlies.swift in Sources */,
				1DE3EF4C22671FC500DEDFEA /* Pests.swift in Sources */,
				292DC97722670A200094D134 /* Sunglight.swift in Sources */,
				292DC96F226709930094D134 /* Plants.swift in Sources */,
			);
			runOnlyForDeploymentPostprocessing = 0;
		};
/* End PBXSourcesBuildPhase section */

/* Begin PBXTargetDependency section */
		29D2C1F42266FB57009ED48E /* PBXTargetDependency */ = {
			isa = PBXTargetDependency;
			target = 29D2C1DD2266FB55009ED48E /* Sow */;
			targetProxy = 29D2C1F32266FB57009ED48E /* PBXContainerItemProxy */;
		};
		29D2C1FF2266FB57009ED48E /* PBXTargetDependency */ = {
			isa = PBXTargetDependency;
			target = 29D2C1DD2266FB55009ED48E /* Sow */;
			targetProxy = 29D2C1FE2266FB57009ED48E /* PBXContainerItemProxy */;
		};
/* End PBXTargetDependency section */

/* Begin PBXVariantGroup section */
		29D2C1E52266FB55009ED48E /* Main.storyboard */ = {
			isa = PBXVariantGroup;
			children = (
				29D2C1E62266FB55009ED48E /* Base */,
			);
			name = Main.storyboard;
			sourceTree = "<group>";
		};
		29D2C1EA2266FB57009ED48E /* LaunchScreen.storyboard */ = {
			isa = PBXVariantGroup;
			children = (
				29D2C1EB2266FB57009ED48E /* Base */,
			);
			name = LaunchScreen.storyboard;
			sourceTree = "<group>";
		};
/* End PBXVariantGroup section */

/* Begin XCBuildConfiguration section */
		29D2C2042266FB57009ED48E /* Debug */ = {
			isa = XCBuildConfiguration;
			buildSettings = {
				ALWAYS_SEARCH_USER_PATHS = NO;
				CLANG_ANALYZER_NONNULL = YES;
				CLANG_ANALYZER_NUMBER_OBJECT_CONVERSION = YES_AGGRESSIVE;
				CLANG_CXX_LANGUAGE_STANDARD = "gnu++14";
				CLANG_CXX_LIBRARY = "libc++";
				CLANG_ENABLE_MODULES = YES;
				CLANG_ENABLE_OBJC_ARC = YES;
				CLANG_ENABLE_OBJC_WEAK = YES;
				CLANG_WARN_BLOCK_CAPTURE_AUTORELEASING = YES;
				CLANG_WARN_BOOL_CONVERSION = YES;
				CLANG_WARN_COMMA = YES;
				CLANG_WARN_CONSTANT_CONVERSION = YES;
				CLANG_WARN_DEPRECATED_OBJC_IMPLEMENTATIONS = YES;
				CLANG_WARN_DIRECT_OBJC_ISA_USAGE = YES_ERROR;
				CLANG_WARN_DOCUMENTATION_COMMENTS = YES;
				CLANG_WARN_EMPTY_BODY = YES;
				CLANG_WARN_ENUM_CONVERSION = YES;
				CLANG_WARN_INFINITE_RECURSION = YES;
				CLANG_WARN_INT_CONVERSION = YES;
				CLANG_WARN_NON_LITERAL_NULL_CONVERSION = YES;
				CLANG_WARN_OBJC_IMPLICIT_RETAIN_SELF = YES;
				CLANG_WARN_OBJC_LITERAL_CONVERSION = YES;
				CLANG_WARN_OBJC_ROOT_CLASS = YES_ERROR;
				CLANG_WARN_RANGE_LOOP_ANALYSIS = YES;
				CLANG_WARN_STRICT_PROTOTYPES = YES;
				CLANG_WARN_SUSPICIOUS_MOVE = YES;
				CLANG_WARN_UNGUARDED_AVAILABILITY = YES_AGGRESSIVE;
				CLANG_WARN_UNREACHABLE_CODE = YES;
				CLANG_WARN__DUPLICATE_METHOD_MATCH = YES;
				CODE_SIGN_IDENTITY = "iPhone Developer";
				COPY_PHASE_STRIP = NO;
				DEBUG_INFORMATION_FORMAT = dwarf;
				ENABLE_STRICT_OBJC_MSGSEND = YES;
				ENABLE_TESTABILITY = YES;
				GCC_C_LANGUAGE_STANDARD = gnu11;
				GCC_DYNAMIC_NO_PIC = NO;
				GCC_NO_COMMON_BLOCKS = YES;
				GCC_OPTIMIZATION_LEVEL = 0;
				GCC_PREPROCESSOR_DEFINITIONS = (
					"DEBUG=1",
					"$(inherited)",
				);
				GCC_WARN_64_TO_32_BIT_CONVERSION = YES;
				GCC_WARN_ABOUT_RETURN_TYPE = YES_ERROR;
				GCC_WARN_UNDECLARED_SELECTOR = YES;
				GCC_WARN_UNINITIALIZED_AUTOS = YES_AGGRESSIVE;
				GCC_WARN_UNUSED_FUNCTION = YES;
				GCC_WARN_UNUSED_VARIABLE = YES;
				IPHONEOS_DEPLOYMENT_TARGET = 12.2;
				MTL_ENABLE_DEBUG_INFO = INCLUDE_SOURCE;
				MTL_FAST_MATH = YES;
				ONLY_ACTIVE_ARCH = YES;
				SDKROOT = iphoneos;
				SWIFT_ACTIVE_COMPILATION_CONDITIONS = DEBUG;
				SWIFT_OPTIMIZATION_LEVEL = "-Onone";
			};
			name = Debug;
		};
		29D2C2052266FB57009ED48E /* Release */ = {
			isa = XCBuildConfiguration;
			buildSettings = {
				ALWAYS_SEARCH_USER_PATHS = NO;
				CLANG_ANALYZER_NONNULL = YES;
				CLANG_ANALYZER_NUMBER_OBJECT_CONVERSION = YES_AGGRESSIVE;
				CLANG_CXX_LANGUAGE_STANDARD = "gnu++14";
				CLANG_CXX_LIBRARY = "libc++";
				CLANG_ENABLE_MODULES = YES;
				CLANG_ENABLE_OBJC_ARC = YES;
				CLANG_ENABLE_OBJC_WEAK = YES;
				CLANG_WARN_BLOCK_CAPTURE_AUTORELEASING = YES;
				CLANG_WARN_BOOL_CONVERSION = YES;
				CLANG_WARN_COMMA = YES;
				CLANG_WARN_CONSTANT_CONVERSION = YES;
				CLANG_WARN_DEPRECATED_OBJC_IMPLEMENTATIONS = YES;
				CLANG_WARN_DIRECT_OBJC_ISA_USAGE = YES_ERROR;
				CLANG_WARN_DOCUMENTATION_COMMENTS = YES;
				CLANG_WARN_EMPTY_BODY = YES;
				CLANG_WARN_ENUM_CONVERSION = YES;
				CLANG_WARN_INFINITE_RECURSION = YES;
				CLANG_WARN_INT_CONVERSION = YES;
				CLANG_WARN_NON_LITERAL_NULL_CONVERSION = YES;
				CLANG_WARN_OBJC_IMPLICIT_RETAIN_SELF = YES;
				CLANG_WARN_OBJC_LITERAL_CONVERSION = YES;
				CLANG_WARN_OBJC_ROOT_CLASS = YES_ERROR;
				CLANG_WARN_RANGE_LOOP_ANALYSIS = YES;
				CLANG_WARN_STRICT_PROTOTYPES = YES;
				CLANG_WARN_SUSPICIOUS_MOVE = YES;
				CLANG_WARN_UNGUARDED_AVAILABILITY = YES_AGGRESSIVE;
				CLANG_WARN_UNREACHABLE_CODE = YES;
				CLANG_WARN__DUPLICATE_METHOD_MATCH = YES;
				CODE_SIGN_IDENTITY = "iPhone Developer";
				COPY_PHASE_STRIP = NO;
				DEBUG_INFORMATION_FORMAT = "dwarf-with-dsym";
				ENABLE_NS_ASSERTIONS = NO;
				ENABLE_STRICT_OBJC_MSGSEND = YES;
				GCC_C_LANGUAGE_STANDARD = gnu11;
				GCC_NO_COMMON_BLOCKS = YES;
				GCC_WARN_64_TO_32_BIT_CONVERSION = YES;
				GCC_WARN_ABOUT_RETURN_TYPE = YES_ERROR;
				GCC_WARN_UNDECLARED_SELECTOR = YES;
				GCC_WARN_UNINITIALIZED_AUTOS = YES_AGGRESSIVE;
				GCC_WARN_UNUSED_FUNCTION = YES;
				GCC_WARN_UNUSED_VARIABLE = YES;
				IPHONEOS_DEPLOYMENT_TARGET = 12.2;
				MTL_ENABLE_DEBUG_INFO = NO;
				MTL_FAST_MATH = YES;
				SDKROOT = iphoneos;
				SWIFT_COMPILATION_MODE = wholemodule;
				SWIFT_OPTIMIZATION_LEVEL = "-O";
				VALIDATE_PRODUCT = YES;
			};
			name = Release;
		};
		29D2C2072266FB57009ED48E /* Debug */ = {
			isa = XCBuildConfiguration;
			baseConfigurationReference = B0F5D8B692A01035F6B875D2 /* Pods-Sow.debug.xcconfig */;
			buildSettings = {
				ASSETCATALOG_COMPILER_APPICON_NAME = AppIcon;
				CODE_SIGN_STYLE = Automatic;
				DEVELOPMENT_TEAM = K8YZSQZRNW;
				INFOPLIST_FILE = "$(SRCROOT)/Sow/SupportingFiles/Info.plist";
				IPHONEOS_DEPLOYMENT_TARGET = 12.1;
				LD_RUNPATH_SEARCH_PATHS = (
					"$(inherited)",
					"@executable_path/Frameworks",
				);
				PRODUCT_BUNDLE_IDENTIFIER = com.matthewhsingleton.Sow;
				PRODUCT_NAME = "$(TARGET_NAME)";
				SWIFT_VERSION = 5.0;
				TARGETED_DEVICE_FAMILY = "1,2";
			};
			name = Debug;
		};
		29D2C2082266FB57009ED48E /* Release */ = {
			isa = XCBuildConfiguration;
			baseConfigurationReference = 2E5248003F8CB07952DB3003 /* Pods-Sow.release.xcconfig */;
			buildSettings = {
				ASSETCATALOG_COMPILER_APPICON_NAME = AppIcon;
				CODE_SIGN_STYLE = Automatic;
				DEVELOPMENT_TEAM = K8YZSQZRNW;
				INFOPLIST_FILE = "$(SRCROOT)/Sow/SupportingFiles/Info.plist";
				IPHONEOS_DEPLOYMENT_TARGET = 12.1;
				LD_RUNPATH_SEARCH_PATHS = (
					"$(inherited)",
					"@executable_path/Frameworks",
				);
				PRODUCT_BUNDLE_IDENTIFIER = com.matthewhsingleton.Sow;
				PRODUCT_NAME = "$(TARGET_NAME)";
				SWIFT_VERSION = 5.0;
				TARGETED_DEVICE_FAMILY = "1,2";
			};
			name = Release;
		};
		29D2C20A2266FB57009ED48E /* Debug */ = {
			isa = XCBuildConfiguration;
			baseConfigurationReference = B414298514D88594613150BD /* Pods-SowTests.debug.xcconfig */;
			buildSettings = {
				ALWAYS_EMBED_SWIFT_STANDARD_LIBRARIES = YES;
				BUNDLE_LOADER = "$(TEST_HOST)";
				CODE_SIGN_STYLE = Automatic;
				DEVELOPMENT_TEAM = K8YZSQZRNW;
				INFOPLIST_FILE = SowTests/Info.plist;
				LD_RUNPATH_SEARCH_PATHS = (
					"$(inherited)",
					"@executable_path/Frameworks",
					"@loader_path/Frameworks",
				);
				PRODUCT_BUNDLE_IDENTIFIER = com.matthewhsingleton.SowTests;
				PRODUCT_NAME = "$(TARGET_NAME)";
				SWIFT_VERSION = 5.0;
				TARGETED_DEVICE_FAMILY = "1,2";
				TEST_HOST = "$(BUILT_PRODUCTS_DIR)/Sow.app/Sow";
			};
			name = Debug;
		};
		29D2C20B2266FB57009ED48E /* Release */ = {
			isa = XCBuildConfiguration;
			baseConfigurationReference = C24777193D08D62A904C2FD7 /* Pods-SowTests.release.xcconfig */;
			buildSettings = {
				ALWAYS_EMBED_SWIFT_STANDARD_LIBRARIES = YES;
				BUNDLE_LOADER = "$(TEST_HOST)";
				CODE_SIGN_STYLE = Automatic;
				DEVELOPMENT_TEAM = K8YZSQZRNW;
				INFOPLIST_FILE = SowTests/Info.plist;
				LD_RUNPATH_SEARCH_PATHS = (
					"$(inherited)",
					"@executable_path/Frameworks",
					"@loader_path/Frameworks",
				);
				PRODUCT_BUNDLE_IDENTIFIER = com.matthewhsingleton.SowTests;
				PRODUCT_NAME = "$(TARGET_NAME)";
				SWIFT_VERSION = 5.0;
				TARGETED_DEVICE_FAMILY = "1,2";
				TEST_HOST = "$(BUILT_PRODUCTS_DIR)/Sow.app/Sow";
			};
			name = Release;
		};
		29D2C20D2266FB57009ED48E /* Debug */ = {
			isa = XCBuildConfiguration;
			baseConfigurationReference = D97D8ABA526D41ADF8ACEA08 /* Pods-SowUITests.debug.xcconfig */;
			buildSettings = {
				ALWAYS_EMBED_SWIFT_STANDARD_LIBRARIES = YES;
				CODE_SIGN_STYLE = Automatic;
				DEVELOPMENT_TEAM = K8YZSQZRNW;
				INFOPLIST_FILE = SowUITests/Info.plist;
				LD_RUNPATH_SEARCH_PATHS = (
					"$(inherited)",
					"@executable_path/Frameworks",
					"@loader_path/Frameworks",
				);
				PRODUCT_BUNDLE_IDENTIFIER = com.matthewhsingleton.SowUITests;
				PRODUCT_NAME = "$(TARGET_NAME)";
				SWIFT_VERSION = 5.0;
				TARGETED_DEVICE_FAMILY = "1,2";
				TEST_TARGET_NAME = Sow;
			};
			name = Debug;
		};
		29D2C20E2266FB57009ED48E /* Release */ = {
			isa = XCBuildConfiguration;
			baseConfigurationReference = 711730FBFB2AA781B5DCCE64 /* Pods-SowUITests.release.xcconfig */;
			buildSettings = {
				ALWAYS_EMBED_SWIFT_STANDARD_LIBRARIES = YES;
				CODE_SIGN_STYLE = Automatic;
				DEVELOPMENT_TEAM = K8YZSQZRNW;
				INFOPLIST_FILE = SowUITests/Info.plist;
				LD_RUNPATH_SEARCH_PATHS = (
					"$(inherited)",
					"@executable_path/Frameworks",
					"@loader_path/Frameworks",
				);
				PRODUCT_BUNDLE_IDENTIFIER = com.matthewhsingleton.SowUITests;
				PRODUCT_NAME = "$(TARGET_NAME)";
				SWIFT_VERSION = 5.0;
				TARGETED_DEVICE_FAMILY = "1,2";
				TEST_TARGET_NAME = Sow;
			};
			name = Release;
		};
/* End XCBuildConfiguration section */

/* Begin XCConfigurationList section */
		29D2C1D92266FB55009ED48E /* Build configuration list for PBXProject "Sow" */ = {
			isa = XCConfigurationList;
			buildConfigurations = (
				29D2C2042266FB57009ED48E /* Debug */,
				29D2C2052266FB57009ED48E /* Release */,
			);
			defaultConfigurationIsVisible = 0;
			defaultConfigurationName = Release;
		};
		29D2C2062266FB57009ED48E /* Build configuration list for PBXNativeTarget "Sow" */ = {
			isa = XCConfigurationList;
			buildConfigurations = (
				29D2C2072266FB57009ED48E /* Debug */,
				29D2C2082266FB57009ED48E /* Release */,
			);
			defaultConfigurationIsVisible = 0;
			defaultConfigurationName = Release;
		};
		29D2C2092266FB57009ED48E /* Build configuration list for PBXNativeTarget "SowTests" */ = {
			isa = XCConfigurationList;
			buildConfigurations = (
				29D2C20A2266FB57009ED48E /* Debug */,
				29D2C20B2266FB57009ED48E /* Release */,
			);
			defaultConfigurationIsVisible = 0;
			defaultConfigurationName = Release;
		};
		29D2C20C2266FB57009ED48E /* Build configuration list for PBXNativeTarget "SowUITests" */ = {
			isa = XCConfigurationList;
			buildConfigurations = (
				29D2C20D2266FB57009ED48E /* Debug */,
				29D2C20E2266FB57009ED48E /* Release */,
			);
			defaultConfigurationIsVisible = 0;
			defaultConfigurationName = Release;
		};
/* End XCConfigurationList section */
	};
	rootObject = 29D2C1D62266FB55009ED48E /* Project object */;
}
